// !$*UTF8*$!
{
	archiveVersion = 1;
	classes = {
	};
	objectVersion = 56;
	objects = {

/* Begin PBXBuildFile section */
		66578D712A7170000049D165 /* AppDelegate.swift in Sources */ = {isa = PBXBuildFile; fileRef = 66578D702A7170000049D165 /* AppDelegate.swift */; };
		66578D732A7170000049D165 /* SceneDelegate.swift in Sources */ = {isa = PBXBuildFile; fileRef = 66578D722A7170000049D165 /* SceneDelegate.swift */; };
		66578D752A7170000049D165 /* RMTTabBarController.swift in Sources */ = {isa = PBXBuildFile; fileRef = 66578D742A7170000049D165 /* RMTTabBarController.swift */; };
		66578D7A2A7170010049D165 /* Assets.xcassets in Resources */ = {isa = PBXBuildFile; fileRef = 66578D792A7170010049D165 /* Assets.xcassets */; };
		66578D7D2A7170010049D165 /* LaunchScreen.storyboard in Resources */ = {isa = PBXBuildFile; fileRef = 66578D7B2A7170010049D165 /* LaunchScreen.storyboard */; };
		66578D8D2A7172E10049D165 /* RMLocation.swift in Sources */ = {isa = PBXBuildFile; fileRef = 66578D8C2A7172E10049D165 /* RMLocation.swift */; };
		66578D8F2A7173030049D165 /* RMCharacters.swift in Sources */ = {isa = PBXBuildFile; fileRef = 66578D8E2A7173030049D165 /* RMCharacters.swift */; };
		66578D912A71738A0049D165 /* RMEpisode.swift in Sources */ = {isa = PBXBuildFile; fileRef = 66578D902A71738A0049D165 /* RMEpisode.swift */; };
		66578D942A7174540049D165 /* RMCharacterViewController.swift in Sources */ = {isa = PBXBuildFile; fileRef = 66578D932A7174540049D165 /* RMCharacterViewController.swift */; };
		666785AC2A71C19D00889881 /* RMLocationViewController.swift in Sources */ = {isa = PBXBuildFile; fileRef = 666785AB2A71C19D00889881 /* RMLocationViewController.swift */; };
		666785AE2A71C1AA00889881 /* RMEpisodeViewController.swift in Sources */ = {isa = PBXBuildFile; fileRef = 666785AD2A71C1AA00889881 /* RMEpisodeViewController.swift */; };
		666785B02A71C1C400889881 /* RMSettingsViewController.swift in Sources */ = {isa = PBXBuildFile; fileRef = 666785AF2A71C1C400889881 /* RMSettingsViewController.swift */; };
/* End PBXBuildFile section */

/* Begin PBXFileReference section */
		66578D6D2A7170000049D165 /* RickAndMortey.app */ = {isa = PBXFileReference; explicitFileType = wrapper.application; includeInIndex = 0; path = RickAndMortey.app; sourceTree = BUILT_PRODUCTS_DIR; };
		66578D702A7170000049D165 /* AppDelegate.swift */ = {isa = PBXFileReference; lastKnownFileType = sourcecode.swift; path = AppDelegate.swift; sourceTree = "<group>"; };
		66578D722A7170000049D165 /* SceneDelegate.swift */ = {isa = PBXFileReference; lastKnownFileType = sourcecode.swift; path = SceneDelegate.swift; sourceTree = "<group>"; };
		66578D742A7170000049D165 /* RMTTabBarController.swift */ = {isa = PBXFileReference; lastKnownFileType = sourcecode.swift; path = RMTTabBarController.swift; sourceTree = "<group>"; };
		66578D792A7170010049D165 /* Assets.xcassets */ = {isa = PBXFileReference; lastKnownFileType = folder.assetcatalog; path = Assets.xcassets; sourceTree = "<group>"; };
		66578D7C2A7170010049D165 /* Base */ = {isa = PBXFileReference; lastKnownFileType = file.storyboard; name = Base; path = Base.lproj/LaunchScreen.storyboard; sourceTree = "<group>"; };
		66578D7E2A7170010049D165 /* Info.plist */ = {isa = PBXFileReference; lastKnownFileType = text.plist.xml; path = Info.plist; sourceTree = "<group>"; };
		66578D8C2A7172E10049D165 /* RMLocation.swift */ = {isa = PBXFileReference; lastKnownFileType = sourcecode.swift; path = RMLocation.swift; sourceTree = "<group>"; };
		66578D8E2A7173030049D165 /* RMCharacters.swift */ = {isa = PBXFileReference; lastKnownFileType = sourcecode.swift; path = RMCharacters.swift; sourceTree = "<group>"; };
		66578D902A71738A0049D165 /* RMEpisode.swift */ = {isa = PBXFileReference; lastKnownFileType = sourcecode.swift; path = RMEpisode.swift; sourceTree = "<group>"; };
		66578D932A7174540049D165 /* RMCharacterViewController.swift */ = {isa = PBXFileReference; lastKnownFileType = sourcecode.swift; path = RMCharacterViewController.swift; sourceTree = "<group>"; };
		666785AB2A71C19D00889881 /* RMLocationViewController.swift */ = {isa = PBXFileReference; lastKnownFileType = sourcecode.swift; path = RMLocationViewController.swift; sourceTree = "<group>"; };
		666785AD2A71C1AA00889881 /* RMEpisodeViewController.swift */ = {isa = PBXFileReference; lastKnownFileType = sourcecode.swift; path = RMEpisodeViewController.swift; sourceTree = "<group>"; };
		666785AF2A71C1C400889881 /* RMSettingsViewController.swift */ = {isa = PBXFileReference; lastKnownFileType = sourcecode.swift; path = RMSettingsViewController.swift; sourceTree = "<group>"; };
/* End PBXFileReference section */

/* Begin PBXFrameworksBuildPhase section */
		66578D6A2A7170000049D165 /* Frameworks */ = {
			isa = PBXFrameworksBuildPhase;
			buildActionMask = 2147483647;
			files = (
			);
			runOnlyForDeploymentPostprocessing = 0;
		};
/* End PBXFrameworksBuildPhase section */

/* Begin PBXGroup section */
		66578D642A7170000049D165 = {
			isa = PBXGroup;
			children = (
				66578D6F2A7170000049D165 /* RickAndMortey */,
				66578D6E2A7170000049D165 /* Products */,
			);
			sourceTree = "<group>";
		};
		66578D6E2A7170000049D165 /* Products */ = {
			isa = PBXGroup;
			children = (
				66578D6D2A7170000049D165 /* RickAndMortey.app */,
			);
			name = Products;
			sourceTree = "<group>";
		};
		66578D6F2A7170000049D165 /* RickAndMortey */ = {
			isa = PBXGroup;
			children = (
				66578D8B2A7172680049D165 /* Resources */,
				66578D8A2A7172610049D165 /* Managers */,
				66578D892A71724C0049D165 /* APIClient */,
				66578D882A71723F0049D165 /* ViewModels */,
				66578D872A7172370049D165 /* Views */,
				66578D862A7172300049D165 /* Models */,
				66578D842A71720A0049D165 /* Controller */,
				66578D7E2A7170010049D165 /* Info.plist */,
			);
			path = RickAndMortey;
			sourceTree = "<group>";
		};
		66578D842A71720A0049D165 /* Controller */ = {
			isa = PBXGroup;
			children = (
				66578D922A7174230049D165 /* Core */,
			);
			path = Controller;
			sourceTree = "<group>";
		};
		66578D862A7172300049D165 /* Models */ = {
			isa = PBXGroup;
			children = (
				66578D8C2A7172E10049D165 /* RMLocation.swift */,
				66578D8E2A7173030049D165 /* RMCharacters.swift */,
				66578D902A71738A0049D165 /* RMEpisode.swift */,
			);
			path = Models;
			sourceTree = "<group>";
		};
		66578D872A7172370049D165 /* Views */ = {
			isa = PBXGroup;
			children = (
			);
			path = Views;
			sourceTree = "<group>";
		};
		66578D882A71723F0049D165 /* ViewModels */ = {
			isa = PBXGroup;
			children = (
			);
			path = ViewModels;
			sourceTree = "<group>";
		};
		66578D892A71724C0049D165 /* APIClient */ = {
			isa = PBXGroup;
			children = (
			);
			path = APIClient;
			sourceTree = "<group>";
		};
		66578D8A2A7172610049D165 /* Managers */ = {
			isa = PBXGroup;
			children = (
			);
			path = Managers;
			sourceTree = "<group>";
		};
		66578D8B2A7172680049D165 /* Resources */ = {
			isa = PBXGroup;
			children = (
				66578D702A7170000049D165 /* AppDelegate.swift */,
				66578D792A7170010049D165 /* Assets.xcassets */,
				66578D7B2A7170010049D165 /* LaunchScreen.storyboard */,
				66578D722A7170000049D165 /* SceneDelegate.swift */,
			);
			path = Resources;
			sourceTree = "<group>";
		};
		66578D922A7174230049D165 /* Core */ = {
			isa = PBXGroup;
			children = (
				66578D742A7170000049D165 /* RMTTabBarController.swift */,
				66578D932A7174540049D165 /* RMCharacterViewController.swift */,
				666785AB2A71C19D00889881 /* RMLocationViewController.swift */,
				666785AD2A71C1AA00889881 /* RMEpisodeViewController.swift */,
				666785AF2A71C1C400889881 /* RMSettingsViewController.swift */,
			);
			path = Core;
			sourceTree = "<group>";
		};
/* End PBXGroup section */

/* Begin PBXNativeTarget section */
		66578D6C2A7170000049D165 /* RickAndMortey */ = {
			isa = PBXNativeTarget;
			buildConfigurationList = 66578D812A7170010049D165 /* Build configuration list for PBXNativeTarget "RickAndMortey" */;
			buildPhases = (
				66578D692A7170000049D165 /* Sources */,
				66578D6A2A7170000049D165 /* Frameworks */,
				66578D6B2A7170000049D165 /* Resources */,
			);
			buildRules = (
			);
			dependencies = (
			);
			name = RickAndMortey;
			productName = RickAndMortey;
			productReference = 66578D6D2A7170000049D165 /* RickAndMortey.app */;
			productType = "com.apple.product-type.application";
		};
/* End PBXNativeTarget section */

/* Begin PBXProject section */
		66578D652A7170000049D165 /* Project object */ = {
			isa = PBXProject;
			attributes = {
				BuildIndependentTargetsInParallel = 1;
				LastSwiftUpdateCheck = 1430;
				LastUpgradeCheck = 1430;
				TargetAttributes = {
					66578D6C2A7170000049D165 = {
						CreatedOnToolsVersion = 14.3.1;
					};
				};
			};
			buildConfigurationList = 66578D682A7170000049D165 /* Build configuration list for PBXProject "RickAndMortey" */;
			compatibilityVersion = "Xcode 14.0";
			developmentRegion = en;
			hasScannedForEncodings = 0;
			knownRegions = (
				en,
				Base,
			);
			mainGroup = 66578D642A7170000049D165;
			productRefGroup = 66578D6E2A7170000049D165 /* Products */;
			projectDirPath = "";
			projectRoot = "";
			targets = (
				66578D6C2A7170000049D165 /* RickAndMortey */,
			);
		};
/* End PBXProject section */

/* Begin PBXResourcesBuildPhase section */
		66578D6B2A7170000049D165 /* Resources */ = {
			isa = PBXResourcesBuildPhase;
			buildActionMask = 2147483647;
			files = (
				66578D7D2A7170010049D165 /* LaunchScreen.storyboard in Resources */,
				66578D7A2A7170010049D165 /* Assets.xcassets in Resources */,
			);
			runOnlyForDeploymentPostprocessing = 0;
		};
/* End PBXResourcesBuildPhase section */

/* Begin PBXSourcesBuildPhase section */
		66578D692A7170000049D165 /* Sources */ = {
			isa = PBXSourcesBuildPhase;
			buildActionMask = 2147483647;
			files = (
				666785AC2A71C19D00889881 /* RMLocationViewController.swift in Sources */,
				66578D912A71738A0049D165 /* RMEpisode.swift in Sources */,
				66578D752A7170000049D165 /* RMTTabBarController.swift in Sources */,
				666785AE2A71C1AA00889881 /* RMEpisodeViewController.swift in Sources */,
				66578D712A7170000049D165 /* AppDelegate.swift in Sources */,
				66578D8F2A7173030049D165 /* RMCharacters.swift in Sources */,
				666785B02A71C1C400889881 /* RMSettingsViewController.swift in Sources */,
				66578D732A7170000049D165 /* SceneDelegate.swift in Sources */,
				66578D8D2A7172E10049D165 /* RMLocation.swift in Sources */,
				66578D942A7174540049D165 /* RMCharacterViewController.swift in Sources */,
			);
			runOnlyForDeploymentPostprocessing = 0;
		};
/* End PBXSourcesBuildPhase section */

/* Begin PBXVariantGroup section */
		66578D7B2A7170010049D165 /* LaunchScreen.storyboard */ = {
			isa = PBXVariantGroup;
			children = (
				66578D7C2A7170010049D165 /* Base */,
			);
			name = LaunchScreen.storyboard;
			sourceTree = "<group>";
		};
/* End PBXVariantGroup section */

/* Begin XCBuildConfiguration section */
		66578D7F2A7170010049D165 /* Debug */ = {
			isa = XCBuildConfiguration;
			buildSettings = {
				ALWAYS_SEARCH_USER_PATHS = NO;
				CLANG_ANALYZER_NONNULL = YES;
				CLANG_ANALYZER_NUMBER_OBJECT_CONVERSION = YES_AGGRESSIVE;
				CLANG_CXX_LANGUAGE_STANDARD = "gnu++20";
				CLANG_ENABLE_MODULES = YES;
				CLANG_ENABLE_OBJC_ARC = YES;
				CLANG_ENABLE_OBJC_WEAK = YES;
				CLANG_WARN_BLOCK_CAPTURE_AUTORELEASING = YES;
				CLANG_WARN_BOOL_CONVERSION = YES;
				CLANG_WARN_COMMA = YES;
				CLANG_WARN_CONSTANT_CONVERSION = YES;
				CLANG_WARN_DEPRECATED_OBJC_IMPLEMENTATIONS = YES;
				CLANG_WARN_DIRECT_OBJC_ISA_USAGE = YES_ERROR;
				CLANG_WARN_DOCUMENTATION_COMMENTS = YES;
				CLANG_WARN_EMPTY_BODY = YES;
				CLANG_WARN_ENUM_CONVERSION = YES;
				CLANG_WARN_INFINITE_RECURSION = YES;
				CLANG_WARN_INT_CONVERSION = YES;
				CLANG_WARN_NON_LITERAL_NULL_CONVERSION = YES;
				CLANG_WARN_OBJC_IMPLICIT_RETAIN_SELF = YES;
				CLANG_WARN_OBJC_LITERAL_CONVERSION = YES;
				CLANG_WARN_OBJC_ROOT_CLASS = YES_ERROR;
				CLANG_WARN_QUOTED_INCLUDE_IN_FRAMEWORK_HEADER = YES;
				CLANG_WARN_RANGE_LOOP_ANALYSIS = YES;
				CLANG_WARN_STRICT_PROTOTYPES = YES;
				CLANG_WARN_SUSPICIOUS_MOVE = YES;
				CLANG_WARN_UNGUARDED_AVAILABILITY = YES_AGGRESSIVE;
				CLANG_WARN_UNREACHABLE_CODE = YES;
				CLANG_WARN__DUPLICATE_METHOD_MATCH = YES;
				COPY_PHASE_STRIP = NO;
				DEBUG_INFORMATION_FORMAT = dwarf;
				ENABLE_STRICT_OBJC_MSGSEND = YES;
				ENABLE_TESTABILITY = YES;
				GCC_C_LANGUAGE_STANDARD = gnu11;
				GCC_DYNAMIC_NO_PIC = NO;
				GCC_NO_COMMON_BLOCKS = YES;
				GCC_OPTIMIZATION_LEVEL = 0;
				GCC_PREPROCESSOR_DEFINITIONS = (
					"DEBUG=1",
					"$(inherited)",
				);
				GCC_WARN_64_TO_32_BIT_CONVERSION = YES;
				GCC_WARN_ABOUT_RETURN_TYPE = YES_ERROR;
				GCC_WARN_UNDECLARED_SELECTOR = YES;
				GCC_WARN_UNINITIALIZED_AUTOS = YES_AGGRESSIVE;
				GCC_WARN_UNUSED_FUNCTION = YES;
				GCC_WARN_UNUSED_VARIABLE = YES;
				IPHONEOS_DEPLOYMENT_TARGET = 16.4;
				MTL_ENABLE_DEBUG_INFO = INCLUDE_SOURCE;
				MTL_FAST_MATH = YES;
				ONLY_ACTIVE_ARCH = YES;
				SDKROOT = iphoneos;
				SWIFT_ACTIVE_COMPILATION_CONDITIONS = DEBUG;
				SWIFT_OPTIMIZATION_LEVEL = "-Onone";
			};
			name = Debug;
		};
		66578D802A7170010049D165 /* Release */ = {
			isa = XCBuildConfiguration;
			buildSettings = {
				ALWAYS_SEARCH_USER_PATHS = NO;
				CLANG_ANALYZER_NONNULL = YES;
				CLANG_ANALYZER_NUMBER_OBJECT_CONVERSION = YES_AGGRESSIVE;
				CLANG_CXX_LANGUAGE_STANDARD = "gnu++20";
				CLANG_ENABLE_MODULES = YES;
				CLANG_ENABLE_OBJC_ARC = YES;
				CLANG_ENABLE_OBJC_WEAK = YES;
				CLANG_WARN_BLOCK_CAPTURE_AUTORELEASING = YES;
				CLANG_WARN_BOOL_CONVERSION = YES;
				CLANG_WARN_COMMA = YES;
				CLANG_WARN_CONSTANT_CONVERSION = YES;
				CLANG_WARN_DEPRECATED_OBJC_IMPLEMENTATIONS = YES;
				CLANG_WARN_DIRECT_OBJC_ISA_USAGE = YES_ERROR;
				CLANG_WARN_DOCUMENTATION_COMMENTS = YES;
				CLANG_WARN_EMPTY_BODY = YES;
				CLANG_WARN_ENUM_CONVERSION = YES;
				CLANG_WARN_INFINITE_RECURSION = YES;
				CLANG_WARN_INT_CONVERSION = YES;
				CLANG_WARN_NON_LITERAL_NULL_CONVERSION = YES;
				CLANG_WARN_OBJC_IMPLICIT_RETAIN_SELF = YES;
				CLANG_WARN_OBJC_LITERAL_CONVERSION = YES;
				CLANG_WARN_OBJC_ROOT_CLASS = YES_ERROR;
				CLANG_WARN_QUOTED_INCLUDE_IN_FRAMEWORK_HEADER = YES;
				CLANG_WARN_RANGE_LOOP_ANALYSIS = YES;
				CLANG_WARN_STRICT_PROTOTYPES = YES;
				CLANG_WARN_SUSPICIOUS_MOVE = YES;
				CLANG_WARN_UNGUARDED_AVAILABILITY = YES_AGGRESSIVE;
				CLANG_WARN_UNREACHABLE_CODE = YES;
				CLANG_WARN__DUPLICATE_METHOD_MATCH = YES;
				COPY_PHASE_STRIP = NO;
				DEBUG_INFORMATION_FORMAT = "dwarf-with-dsym";
				ENABLE_NS_ASSERTIONS = NO;
				ENABLE_STRICT_OBJC_MSGSEND = YES;
				GCC_C_LANGUAGE_STANDARD = gnu11;
				GCC_NO_COMMON_BLOCKS = YES;
				GCC_WARN_64_TO_32_BIT_CONVERSION = YES;
				GCC_WARN_ABOUT_RETURN_TYPE = YES_ERROR;
				GCC_WARN_UNDECLARED_SELECTOR = YES;
				GCC_WARN_UNINITIALIZED_AUTOS = YES_AGGRESSIVE;
				GCC_WARN_UNUSED_FUNCTION = YES;
				GCC_WARN_UNUSED_VARIABLE = YES;
				IPHONEOS_DEPLOYMENT_TARGET = 16.4;
				MTL_ENABLE_DEBUG_INFO = NO;
				MTL_FAST_MATH = YES;
				SDKROOT = iphoneos;
				SWIFT_COMPILATION_MODE = wholemodule;
				SWIFT_OPTIMIZATION_LEVEL = "-O";
				VALIDATE_PRODUCT = YES;
			};
			name = Release;
		};
		66578D822A7170010049D165 /* Debug */ = {
			isa = XCBuildConfiguration;
			buildSettings = {
				ASSETCATALOG_COMPILER_APPICON_NAME = AppIcon;
				ASSETCATALOG_COMPILER_GLOBAL_ACCENT_COLOR_NAME = AccentColor;
				CODE_SIGN_STYLE = Automatic;
				CURRENT_PROJECT_VERSION = 1;
				DEVELOPMENT_TEAM = X5MCD87GTA;
				GENERATE_INFOPLIST_FILE = YES;
				INFOPLIST_FILE = RickAndMortey/Info.plist;
				INFOPLIST_KEY_UIApplicationSupportsIndirectInputEvents = YES;
				INFOPLIST_KEY_UILaunchStoryboardName = LaunchScreen;
				INFOPLIST_KEY_UISupportedInterfaceOrientations_iPad = "UIInterfaceOrientationPortrait UIInterfaceOrientationPortraitUpsideDown UIInterfaceOrientationLandscapeLeft UIInterfaceOrientationLandscapeRight";
				INFOPLIST_KEY_UISupportedInterfaceOrientations_iPhone = "UIInterfaceOrientationPortrait UIInterfaceOrientationLandscapeLeft UIInterfaceOrientationLandscapeRight";
				LD_RUNPATH_SEARCH_PATHS = (
					"$(inherited)",
					"@executable_path/Frameworks",
				);
				MARKETING_VERSION = 1.0;
				PRODUCT_BUNDLE_IDENTIFIER = BS.RickAndMortey;
				PRODUCT_NAME = "$(TARGET_NAME)";
				SWIFT_EMIT_LOC_STRINGS = YES;
				SWIFT_VERSION = 5.0;
				TARGETED_DEVICE_FAMILY = "1,2";
			};
			name = Debug;
		};
		66578D832A7170010049D165 /* Release */ = {
			isa = XCBuildConfiguration;
			buildSettings = {
				ASSETCATALOG_COMPILER_APPICON_NAME = AppIcon;
				ASSETCATALOG_COMPILER_GLOBAL_ACCENT_COLOR_NAME = AccentColor;
				CODE_SIGN_STYLE = Automatic;
				CURRENT_PROJECT_VERSION = 1;
				DEVELOPMENT_TEAM = X5MCD87GTA;
				GENERATE_INFOPLIST_FILE = YES;
				INFOPLIST_FILE = RickAndMortey/Info.plist;
				INFOPLIST_KEY_UIApplicationSupportsIndirectInputEvents = YES;
				INFOPLIST_KEY_UILaunchStoryboardName = LaunchScreen;
				INFOPLIST_KEY_UISupportedInterfaceOrientations_iPad = "UIInterfaceOrientationPortrait UIInterfaceOrientationPortraitUpsideDown UIInterfaceOrientationLandscapeLeft UIInterfaceOrientationLandscapeRight";
				INFOPLIST_KEY_UISupportedInterfaceOrientations_iPhone = "UIInterfaceOrientationPortrait UIInterfaceOrientationLandscapeLeft UIInterfaceOrientationLandscapeRight";
				LD_RUNPATH_SEARCH_PATHS = (
					"$(inherited)",
					"@executable_path/Frameworks",
				);
				MARKETING_VERSION = 1.0;
				PRODUCT_BUNDLE_IDENTIFIER = BS.RickAndMortey;
				PRODUCT_NAME = "$(TARGET_NAME)";
				SWIFT_EMIT_LOC_STRINGS = YES;
				SWIFT_VERSION = 5.0;
				TARGETED_DEVICE_FAMILY = "1,2";
			};
			name = Release;
		};
/* End XCBuildConfiguration section */

/* Begin XCConfigurationList section */
		66578D682A7170000049D165 /* Build configuration list for PBXProject "RickAndMortey" */ = {
			isa = XCConfigurationList;
			buildConfigurations = (
				66578D7F2A7170010049D165 /* Debug */,
				66578D802A7170010049D165 /* Release */,
			);
			defaultConfigurationIsVisible = 0;
			defaultConfigurationName = Release;
		};
		66578D812A7170010049D165 /* Build configuration list for PBXNativeTarget "RickAndMortey" */ = {
			isa = XCConfigurationList;
			buildConfigurations = (
				66578D822A7170010049D165 /* Debug */,
				66578D832A7170010049D165 /* Release */,
			);
			defaultConfigurationIsVisible = 0;
			defaultConfigurationName = Release;
		};
/* End XCConfigurationList section */
	};
	rootObject = 66578D652A7170000049D165 /* Project object */;
}
